
Microsoft Visual Studio Solution File, Format Version 12.00
Project("{FAE04EC0-301F-11D3-BF4B-00C04F79EFBC}") = "BadChess", "BadChess\BadChess.csproj", "{432A0512-FD48-4B2D-8E3D-7B4F4E7DF089}"
EndProject
Project("{FAE04EC0-301F-11D3-BF4B-00C04F79EFBC}") = "BadChess.Tests", "BadChess.Tests\BadChess.Tests.csproj", "{2BA48F1F-B40B-4ECA-8DCF-3F7B5D8C72D5}"
EndProject
Global
	GlobalSection(SolutionConfigurationPlatforms) = preSolution
		Debug|Any CPU = Debug|Any CPU
		Release|Any CPU = Release|Any CPU
	EndGlobalSection
	GlobalSection(ProjectConfigurationPlatforms) = postSolution
		{432A0512-FD48-4B2D-8E3D-7B4F4E7DF089}.Debug|Any CPU.ActiveCfg = Debug|Any CPU
		{432A0512-FD48-4B2D-8E3D-7B4F4E7DF089}.Debug|Any CPU.Build.0 = Debug|Any CPU
		{432A0512-FD48-4B2D-8E3D-7B4F4E7DF089}.Release|Any CPU.ActiveCfg = Release|Any CPU
		{432A0512-FD48-4B2D-8E3D-7B4F4E7DF089}.Release|Any CPU.Build.0 = Release|Any CPU
		{2BA48F1F-B40B-4ECA-8DCF-3F7B5D8C72D5}.Debug|Any CPU.ActiveCfg = Debug|Any CPU
		{2BA48F1F-B40B-4ECA-8DCF-3F7B5D8C72D5}.Debug|Any CPU.Build.0 = Debug|Any CPU
		{2BA48F1F-B40B-4ECA-8DCF-3F7B5D8C72D5}.Release|Any CPU.ActiveCfg = Release|Any CPU
		{2BA48F1F-B40B-4ECA-8DCF-3F7B5D8C72D5}.Release|Any CPU.Build.0 = Release|Any CPU
	EndGlobalSection
EndGlobal
